// !$*UTF8*$!
{
	archiveVersion = 1;
	classes = {
	};
	objectVersion = 46;
	objects = {

/* Begin PBXBuildFile section */
		2316018A1B99D237007ED6A1 /* MyLoveHelpBuyTableViewController.m in Sources */ = {isa = PBXBuildFile; fileRef = 231601891B99D237007ED6A1 /* MyLoveHelpBuyTableViewController.m */; };
		2316018E1BA2FFC5007ED6A1 /* ChoseCategoryTableTableViewController.m in Sources */ = {isa = PBXBuildFile; fileRef = 2316018D1BA2FFC5007ED6A1 /* ChoseCategoryTableTableViewController.m */; };
		231601921BA30699007ED6A1 /* DataLoader.m in Sources */ = {isa = PBXBuildFile; fileRef = 231601911BA30699007ED6A1 /* DataLoader.m */; };
		231601941BA306DA007ED6A1 /* MainCategories.plist in Resources */ = {isa = PBXBuildFile; fileRef = 231601931BA306DA007ED6A1 /* MainCategories.plist */; };
		231601971BA31173007ED6A1 /* MainCategory.m in Sources */ = {isa = PBXBuildFile; fileRef = 231601961BA31173007ED6A1 /* MainCategory.m */; };
		236EED411B9483FF0067B2F1 /* CMCache.m in Sources */ = {isa = PBXBuildFile; fileRef = 236EED3A1B9483FF0067B2F1 /* CMCache.m */; };
		236EED421B9483FF0067B2F1 /* CMConstants.m in Sources */ = {isa = PBXBuildFile; fileRef = 236EED3C1B9483FF0067B2F1 /* CMConstants.m */; };
		236EED431B9483FF0067B2F1 /* CMUtility.m in Sources */ = {isa = PBXBuildFile; fileRef = 236EED3E1B9483FF0067B2F1 /* CMUtility.m */; };
		236EED441B9483FF0067B2F1 /* Utils.m in Sources */ = {isa = PBXBuildFile; fileRef = 236EED401B9483FF0067B2F1 /* Utils.m */; };
		236EED641B9485190067B2F1 /* NSString+Empty.m in Sources */ = {isa = PBXBuildFile; fileRef = 236EED491B9485190067B2F1 /* NSString+Empty.m */; };
		236EED651B9485190067B2F1 /* MinnaMessageView.m in Sources */ = {isa = PBXBuildFile; fileRef = 236EED4C1B9485190067B2F1 /* MinnaMessageView.m */; };
		236EED661B9485190067B2F1 /* MinnaOpenGraphRequest.m in Sources */ = {isa = PBXBuildFile; fileRef = 236EED4F1B9485190067B2F1 /* MinnaOpenGraphRequest.m */; };
		236EED671B9485190067B2F1 /* MyFile.m in Sources */ = {isa = PBXBuildFile; fileRef = 236EED521B9485190067B2F1 /* MyFile.m */; };
		236EED681B9485190067B2F1 /* UIImage+AlphaAdditions.m in Sources */ = {isa = PBXBuildFile; fileRef = 236EED551B9485190067B2F1 /* UIImage+AlphaAdditions.m */; };
		236EED691B9485190067B2F1 /* UIImage+ImageEffects.m in Sources */ = {isa = PBXBuildFile; fileRef = 236EED571B9485190067B2F1 /* UIImage+ImageEffects.m */; };
		236EED6A1B9485190067B2F1 /* UIImage+ResizeAdditions.m in Sources */ = {isa = PBXBuildFile; fileRef = 236EED591B9485190067B2F1 /* UIImage+ResizeAdditions.m */; };
		236EED6B1B9485190067B2F1 /* UIImage+RoundedCornerAdditions.m in Sources */ = {isa = PBXBuildFile; fileRef = 236EED5B1B9485190067B2F1 /* UIImage+RoundedCornerAdditions.m */; };
		236EED6C1B9485190067B2F1 /* UIImage+Utils.m in Sources */ = {isa = PBXBuildFile; fileRef = 236EED5D1B9485190067B2F1 /* UIImage+Utils.m */; };
		236EED6D1B9485190067B2F1 /* UISwipe4ScrollGestureRecognizer.m in Sources */ = {isa = PBXBuildFile; fileRef = 236EED601B9485190067B2F1 /* UISwipe4ScrollGestureRecognizer.m */; };
		236EED6E1B9485190067B2F1 /* UuidLib.m in Sources */ = {isa = PBXBuildFile; fileRef = 236EED631B9485190067B2F1 /* UuidLib.m */; };
		236EED721B9489E70067B2F1 /* MainTableViewController.m in Sources */ = {isa = PBXBuildFile; fileRef = 236EED711B9489E70067B2F1 /* MainTableViewController.m */; };
		236EED781B949CF70067B2F1 /* PopTableViewCell.m in Sources */ = {isa = PBXBuildFile; fileRef = 236EED771B949CF70067B2F1 /* PopTableViewCell.m */; };
		23D7DA801B7733D6001A127A /* main.m in Sources */ = {isa = PBXBuildFile; fileRef = 23D7DA7F1B7733D6001A127A /* main.m */; };
		23D7DA831B7733D6001A127A /* AppDelegate.m in Sources */ = {isa = PBXBuildFile; fileRef = 23D7DA821B7733D6001A127A /* AppDelegate.m */; };
		23D7DA861B7733D6001A127A /* HelpBuy.xcdatamodeld in Sources */ = {isa = PBXBuildFile; fileRef = 23D7DA841B7733D6001A127A /* HelpBuy.xcdatamodeld */; };
		23D7DA891B7733D6001A127A /* ViewController.m in Sources */ = {isa = PBXBuildFile; fileRef = 23D7DA881B7733D6001A127A /* ViewController.m */; };
		23D7DA8C1B7733D6001A127A /* Main.storyboard in Resources */ = {isa = PBXBuildFile; fileRef = 23D7DA8A1B7733D6001A127A /* Main.storyboard */; };
		23D7DA8E1B7733D6001A127A /* Images.xcassets in Resources */ = {isa = PBXBuildFile; fileRef = 23D7DA8D1B7733D6001A127A /* Images.xcassets */; };
		23D7DA911B7733D6001A127A /* LaunchScreen.xib in Resources */ = {isa = PBXBuildFile; fileRef = 23D7DA8F1B7733D6001A127A /* LaunchScreen.xib */; };
		23D7DA9D1B7733D7001A127A /* HelpBuyTests.m in Sources */ = {isa = PBXBuildFile; fileRef = 23D7DA9C1B7733D7001A127A /* HelpBuyTests.m */; };
		23F2A45C1B97257600D2B8E6 /* HelpBuyDetailViewController.m in Sources */ = {isa = PBXBuildFile; fileRef = 23F2A45B1B97257600D2B8E6 /* HelpBuyDetailViewController.m */; };
		2CB80F5C005F225F9EA843DE /* libPods.a in Frameworks */ = {isa = PBXBuildFile; fileRef = 64A423E0ACF5815700116D55 /* libPods.a */; };
/* End PBXBuildFile section */

/* Begin PBXContainerItemProxy section */
		23D7DA971B7733D7001A127A /* PBXContainerItemProxy */ = {
			isa = PBXContainerItemProxy;
			containerPortal = 23D7DA721B7733D6001A127A /* Project object */;
			proxyType = 1;
			remoteGlobalIDString = 23D7DA791B7733D6001A127A;
			remoteInfo = HelpBuy;
		};
/* End PBXContainerItemProxy section */

/* Begin PBXFileReference section */
		231601881B99D237007ED6A1 /* MyLoveHelpBuyTableViewController.h */ = {isa = PBXFileReference; fileEncoding = 4; lastKnownFileType = sourcecode.c.h; path = MyLoveHelpBuyTableViewController.h; sourceTree = "<group>"; };
		231601891B99D237007ED6A1 /* MyLoveHelpBuyTableViewController.m */ = {isa = PBXFileReference; fileEncoding = 4; lastKnownFileType = sourcecode.c.objc; path = MyLoveHelpBuyTableViewController.m; sourceTree = "<group>"; };
		2316018C1BA2FFC5007ED6A1 /* ChoseCategoryTableTableViewController.h */ = {isa = PBXFileReference; fileEncoding = 4; lastKnownFileType = sourcecode.c.h; path = ChoseCategoryTableTableViewController.h; sourceTree = "<group>"; };
		2316018D1BA2FFC5007ED6A1 /* ChoseCategoryTableTableViewController.m */ = {isa = PBXFileReference; fileEncoding = 4; lastKnownFileType = sourcecode.c.objc; path = ChoseCategoryTableTableViewController.m; sourceTree = "<group>"; };
		231601901BA30699007ED6A1 /* DataLoader.h */ = {isa = PBXFileReference; fileEncoding = 4; lastKnownFileType = sourcecode.c.h; path = DataLoader.h; sourceTree = "<group>"; };
		231601911BA30699007ED6A1 /* DataLoader.m */ = {isa = PBXFileReference; fileEncoding = 4; lastKnownFileType = sourcecode.c.objc; path = DataLoader.m; sourceTree = "<group>"; };
		231601931BA306DA007ED6A1 /* MainCategories.plist */ = {isa = PBXFileReference; fileEncoding = 4; lastKnownFileType = text.plist.xml; path = MainCategories.plist; sourceTree = "<group>"; };
		231601951BA31173007ED6A1 /* MainCategory.h */ = {isa = PBXFileReference; fileEncoding = 4; lastKnownFileType = sourcecode.c.h; path = MainCategory.h; sourceTree = "<group>"; };
		231601961BA31173007ED6A1 /* MainCategory.m */ = {isa = PBXFileReference; fileEncoding = 4; lastKnownFileType = sourcecode.c.objc; path = MainCategory.m; sourceTree = "<group>"; };
		236EED391B9483FF0067B2F1 /* CMCache.h */ = {isa = PBXFileReference; fileEncoding = 4; lastKnownFileType = sourcecode.c.h; path = CMCache.h; sourceTree = "<group>"; };
		236EED3A1B9483FF0067B2F1 /* CMCache.m */ = {isa = PBXFileReference; fileEncoding = 4; lastKnownFileType = sourcecode.c.objc; path = CMCache.m; sourceTree = "<group>"; };
		236EED3B1B9483FF0067B2F1 /* CMConstants.h */ = {isa = PBXFileReference; fileEncoding = 4; lastKnownFileType = sourcecode.c.h; path = CMConstants.h; sourceTree = "<group>"; };
		236EED3C1B9483FF0067B2F1 /* CMConstants.m */ = {isa = PBXFileReference; fileEncoding = 4; lastKnownFileType = sourcecode.c.objc; path = CMConstants.m; sourceTree = "<group>"; };
		236EED3D1B9483FF0067B2F1 /* CMUtility.h */ = {isa = PBXFileReference; fileEncoding = 4; lastKnownFileType = sourcecode.c.h; path = CMUtility.h; sourceTree = "<group>"; };
		236EED3E1B9483FF0067B2F1 /* CMUtility.m */ = {isa = PBXFileReference; fileEncoding = 4; lastKnownFileType = sourcecode.c.objc; path = CMUtility.m; sourceTree = "<group>"; };
		236EED3F1B9483FF0067B2F1 /* Utils.h */ = {isa = PBXFileReference; fileEncoding = 4; lastKnownFileType = sourcecode.c.h; path = Utils.h; sourceTree = "<group>"; };
		236EED401B9483FF0067B2F1 /* Utils.m */ = {isa = PBXFileReference; fileEncoding = 4; lastKnownFileType = sourcecode.c.objc; path = Utils.m; sourceTree = "<group>"; };
		236EED451B9484650067B2F1 /* PrefixHeader.pch */ = {isa = PBXFileReference; lastKnownFileType = sourcecode.c.h; name = PrefixHeader.pch; path = HelpBuyTests/PrefixHeader.pch; sourceTree = SOURCE_ROOT; };
		236EED481B9485190067B2F1 /* NSString+Empty.h */ = {isa = PBXFileReference; fileEncoding = 4; lastKnownFileType = sourcecode.c.h; path = "NSString+Empty.h"; sourceTree = "<group>"; };
		236EED491B9485190067B2F1 /* NSString+Empty.m */ = {isa = PBXFileReference; fileEncoding = 4; lastKnownFileType = sourcecode.c.objc; path = "NSString+Empty.m"; sourceTree = "<group>"; };
		236EED4B1B9485190067B2F1 /* MinnaMessageView.h */ = {isa = PBXFileReference; fileEncoding = 4; lastKnownFileType = sourcecode.c.h; path = MinnaMessageView.h; sourceTree = "<group>"; };
		236EED4C1B9485190067B2F1 /* MinnaMessageView.m */ = {isa = PBXFileReference; fileEncoding = 4; lastKnownFileType = sourcecode.c.objc; path = MinnaMessageView.m; sourceTree = "<group>"; };
		236EED4D1B9485190067B2F1 /* MinnaNotificationProtocol.h */ = {isa = PBXFileReference; fileEncoding = 4; lastKnownFileType = sourcecode.c.h; path = MinnaNotificationProtocol.h; sourceTree = "<group>"; };
		236EED4E1B9485190067B2F1 /* MinnaOpenGraphRequest.h */ = {isa = PBXFileReference; fileEncoding = 4; lastKnownFileType = sourcecode.c.h; path = MinnaOpenGraphRequest.h; sourceTree = "<group>"; };
		236EED4F1B9485190067B2F1 /* MinnaOpenGraphRequest.m */ = {isa = PBXFileReference; fileEncoding = 4; lastKnownFileType = sourcecode.c.objc; path = MinnaOpenGraphRequest.m; sourceTree = "<group>"; };
		236EED511B9485190067B2F1 /* MyFile.h */ = {isa = PBXFileReference; fileEncoding = 4; lastKnownFileType = sourcecode.c.h; path = MyFile.h; sourceTree = "<group>"; };
		236EED521B9485190067B2F1 /* MyFile.m */ = {isa = PBXFileReference; fileEncoding = 4; lastKnownFileType = sourcecode.c.objc; path = MyFile.m; sourceTree = "<group>"; };
		236EED541B9485190067B2F1 /* UIImage+AlphaAdditions.h */ = {isa = PBXFileReference; fileEncoding = 4; lastKnownFileType = sourcecode.c.h; path = "UIImage+AlphaAdditions.h"; sourceTree = "<group>"; };
		236EED551B9485190067B2F1 /* UIImage+AlphaAdditions.m */ = {isa = PBXFileReference; fileEncoding = 4; lastKnownFileType = sourcecode.c.objc; path = "UIImage+AlphaAdditions.m"; sourceTree = "<group>"; };
		236EED561B9485190067B2F1 /* UIImage+ImageEffects.h */ = {isa = PBXFileReference; fileEncoding = 4; lastKnownFileType = sourcecode.c.h; path = "UIImage+ImageEffects.h"; sourceTree = "<group>"; };
		236EED571B9485190067B2F1 /* UIImage+ImageEffects.m */ = {isa = PBXFileReference; fileEncoding = 4; lastKnownFileType = sourcecode.c.objc; path = "UIImage+ImageEffects.m"; sourceTree = "<group>"; };
		236EED581B9485190067B2F1 /* UIImage+ResizeAdditions.h */ = {isa = PBXFileReference; fileEncoding = 4; lastKnownFileType = sourcecode.c.h; path = "UIImage+ResizeAdditions.h"; sourceTree = "<group>"; };
		236EED591B9485190067B2F1 /* UIImage+ResizeAdditions.m */ = {isa = PBXFileReference; fileEncoding = 4; lastKnownFileType = sourcecode.c.objc; path = "UIImage+ResizeAdditions.m"; sourceTree = "<group>"; };
		236EED5A1B9485190067B2F1 /* UIImage+RoundedCornerAdditions.h */ = {isa = PBXFileReference; fileEncoding = 4; lastKnownFileType = sourcecode.c.h; path = "UIImage+RoundedCornerAdditions.h"; sourceTree = "<group>"; };
		236EED5B1B9485190067B2F1 /* UIImage+RoundedCornerAdditions.m */ = {isa = PBXFileReference; fileEncoding = 4; lastKnownFileType = sourcecode.c.objc; path = "UIImage+RoundedCornerAdditions.m"; sourceTree = "<group>"; };
		236EED5C1B9485190067B2F1 /* UIImage+Utils.h */ = {isa = PBXFileReference; fileEncoding = 4; lastKnownFileType = sourcecode.c.h; path = "UIImage+Utils.h"; sourceTree = "<group>"; };
		236EED5D1B9485190067B2F1 /* UIImage+Utils.m */ = {isa = PBXFileReference; fileEncoding = 4; lastKnownFileType = sourcecode.c.objc; path = "UIImage+Utils.m"; sourceTree = "<group>"; };
		236EED5F1B9485190067B2F1 /* UISwipe4ScrollGestureRecognizer.h */ = {isa = PBXFileReference; fileEncoding = 4; lastKnownFileType = sourcecode.c.h; path = UISwipe4ScrollGestureRecognizer.h; sourceTree = "<group>"; };
		236EED601B9485190067B2F1 /* UISwipe4ScrollGestureRecognizer.m */ = {isa = PBXFileReference; fileEncoding = 4; lastKnownFileType = sourcecode.c.objc; path = UISwipe4ScrollGestureRecognizer.m; sourceTree = "<group>"; };
		236EED621B9485190067B2F1 /* UuidLib.h */ = {isa = PBXFileReference; fileEncoding = 4; lastKnownFileType = sourcecode.c.h; path = UuidLib.h; sourceTree = "<group>"; };
		236EED631B9485190067B2F1 /* UuidLib.m */ = {isa = PBXFileReference; fileEncoding = 4; lastKnownFileType = sourcecode.c.objc; path = UuidLib.m; sourceTree = "<group>"; };
		236EED701B9489E70067B2F1 /* MainTableViewController.h */ = {isa = PBXFileReference; fileEncoding = 4; lastKnownFileType = sourcecode.c.h; path = MainTableViewController.h; sourceTree = "<group>"; };
		236EED711B9489E70067B2F1 /* MainTableViewController.m */ = {isa = PBXFileReference; fileEncoding = 4; lastKnownFileType = sourcecode.c.objc; path = MainTableViewController.m; sourceTree = "<group>"; };
		236EED761B949CF70067B2F1 /* PopTableViewCell.h */ = {isa = PBXFileReference; fileEncoding = 4; lastKnownFileType = sourcecode.c.h; path = PopTableViewCell.h; sourceTree = "<group>"; };
		236EED771B949CF70067B2F1 /* PopTableViewCell.m */ = {isa = PBXFileReference; fileEncoding = 4; lastKnownFileType = sourcecode.c.objc; path = PopTableViewCell.m; sourceTree = "<group>"; };
		23D7DA7A1B7733D6001A127A /* HelpBuy.app */ = {isa = PBXFileReference; explicitFileType = wrapper.application; includeInIndex = 0; path = HelpBuy.app; sourceTree = BUILT_PRODUCTS_DIR; };
		23D7DA7E1B7733D6001A127A /* Info.plist */ = {isa = PBXFileReference; lastKnownFileType = text.plist.xml; path = Info.plist; sourceTree = "<group>"; };
		23D7DA7F1B7733D6001A127A /* main.m */ = {isa = PBXFileReference; lastKnownFileType = sourcecode.c.objc; path = main.m; sourceTree = "<group>"; };
		23D7DA811B7733D6001A127A /* AppDelegate.h */ = {isa = PBXFileReference; lastKnownFileType = sourcecode.c.h; path = AppDelegate.h; sourceTree = "<group>"; };
		23D7DA821B7733D6001A127A /* AppDelegate.m */ = {isa = PBXFileReference; lastKnownFileType = sourcecode.c.objc; path = AppDelegate.m; sourceTree = "<group>"; };
		23D7DA851B7733D6001A127A /* HelpBuy.xcdatamodel */ = {isa = PBXFileReference; lastKnownFileType = wrapper.xcdatamodel; path = HelpBuy.xcdatamodel; sourceTree = "<group>"; };
		23D7DA871B7733D6001A127A /* ViewController.h */ = {isa = PBXFileReference; lastKnownFileType = sourcecode.c.h; path = ViewController.h; sourceTree = "<group>"; };
		23D7DA881B7733D6001A127A /* ViewController.m */ = {isa = PBXFileReference; lastKnownFileType = sourcecode.c.objc; path = ViewController.m; sourceTree = "<group>"; };
		23D7DA8B1B7733D6001A127A /* Base */ = {isa = PBXFileReference; lastKnownFileType = file.storyboard; name = Base; path = Base.lproj/Main.storyboard; sourceTree = "<group>"; };
		23D7DA8D1B7733D6001A127A /* Images.xcassets */ = {isa = PBXFileReference; lastKnownFileType = folder.assetcatalog; path = Images.xcassets; sourceTree = "<group>"; };
		23D7DA901B7733D6001A127A /* Base */ = {isa = PBXFileReference; lastKnownFileType = file.xib; name = Base; path = Base.lproj/LaunchScreen.xib; sourceTree = "<group>"; };
		23D7DA961B7733D7001A127A /* HelpBuyTests.xctest */ = {isa = PBXFileReference; explicitFileType = wrapper.cfbundle; includeInIndex = 0; path = HelpBuyTests.xctest; sourceTree = BUILT_PRODUCTS_DIR; };
		23D7DA9B1B7733D7001A127A /* Info.plist */ = {isa = PBXFileReference; lastKnownFileType = text.plist.xml; path = Info.plist; sourceTree = "<group>"; };
		23D7DA9C1B7733D7001A127A /* HelpBuyTests.m */ = {isa = PBXFileReference; lastKnownFileType = sourcecode.c.objc; path = HelpBuyTests.m; sourceTree = "<group>"; };
		23F2A45A1B97257600D2B8E6 /* HelpBuyDetailViewController.h */ = {isa = PBXFileReference; fileEncoding = 4; lastKnownFileType = sourcecode.c.h; path = HelpBuyDetailViewController.h; sourceTree = "<group>"; };
		23F2A45B1B97257600D2B8E6 /* HelpBuyDetailViewController.m */ = {isa = PBXFileReference; fileEncoding = 4; lastKnownFileType = sourcecode.c.objc; path = HelpBuyDetailViewController.m; sourceTree = "<group>"; };
		28E36FFC5898F4971D1EB3A5 /* Pods.debug.xcconfig */ = {isa = PBXFileReference; includeInIndex = 1; lastKnownFileType = text.xcconfig; name = Pods.debug.xcconfig; path = "Pods/Target Support Files/Pods/Pods.debug.xcconfig"; sourceTree = "<group>"; };
		64A423E0ACF5815700116D55 /* libPods.a */ = {isa = PBXFileReference; explicitFileType = archive.ar; includeInIndex = 0; path = libPods.a; sourceTree = BUILT_PRODUCTS_DIR; };
		9A63B7808991CF1A44AB6D09 /* Pods.release.xcconfig */ = {isa = PBXFileReference; includeInIndex = 1; lastKnownFileType = text.xcconfig; name = Pods.release.xcconfig; path = "Pods/Target Support Files/Pods/Pods.release.xcconfig"; sourceTree = "<group>"; };
/* End PBXFileReference section */

/* Begin PBXFrameworksBuildPhase section */
		23D7DA771B7733D6001A127A /* Frameworks */ = {
			isa = PBXFrameworksBuildPhase;
			buildActionMask = 2147483647;
			files = (
				2CB80F5C005F225F9EA843DE /* libPods.a in Frameworks */,
			);
			runOnlyForDeploymentPostprocessing = 0;
		};
		23D7DA931B7733D7001A127A /* Frameworks */ = {
			isa = PBXFrameworksBuildPhase;
			buildActionMask = 2147483647;
			files = (
			);
			runOnlyForDeploymentPostprocessing = 0;
		};
/* End PBXFrameworksBuildPhase section */

/* Begin PBXGroup section */
		231601871B99D209007ED6A1 /* 訂閱追蹤 */ = {
			isa = PBXGroup;
			children = (
				231601881B99D237007ED6A1 /* MyLoveHelpBuyTableViewController.h */,
				231601891B99D237007ED6A1 /* MyLoveHelpBuyTableViewController.m */,
			);
			name = "訂閱追蹤";
			sourceTree = "<group>";
		};
		2316018B1BA2FF9F007ED6A1 /* 選擇類別 */ = {
			isa = PBXGroup;
			children = (
				2316018F1BA3068D007ED6A1 /* model */,
				2316018C1BA2FFC5007ED6A1 /* ChoseCategoryTableTableViewController.h */,
				2316018D1BA2FFC5007ED6A1 /* ChoseCategoryTableTableViewController.m */,
			);
			name = "選擇類別";
			sourceTree = "<group>";
		};
		2316018F1BA3068D007ED6A1 /* model */ = {
			isa = PBXGroup;
			children = (
				231601931BA306DA007ED6A1 /* MainCategories.plist */,
				231601951BA31173007ED6A1 /* MainCategory.h */,
				231601961BA31173007ED6A1 /* MainCategory.m */,
				231601901BA30699007ED6A1 /* DataLoader.h */,
				231601911BA30699007ED6A1 /* DataLoader.m */,
			);
			name = model;
			sourceTree = "<group>";
		};
		236EED381B9483EA0067B2F1 /* Utils */ = {
			isa = PBXGroup;
			children = (
				236EED391B9483FF0067B2F1 /* CMCache.h */,
				236EED3A1B9483FF0067B2F1 /* CMCache.m */,
				236EED3B1B9483FF0067B2F1 /* CMConstants.h */,
				236EED3C1B9483FF0067B2F1 /* CMConstants.m */,
				236EED3D1B9483FF0067B2F1 /* CMUtility.h */,
				236EED3E1B9483FF0067B2F1 /* CMUtility.m */,
				236EED3F1B9483FF0067B2F1 /* Utils.h */,
				236EED401B9483FF0067B2F1 /* Utils.m */,
			);
			name = Utils;
			sourceTree = "<group>";
		};
		236EED461B9485190067B2F1 /* 常用的Library */ = {
			isa = PBXGroup;
			children = (
				236EED471B9485190067B2F1 /* EmptyNSString */,
				236EED4A1B9485190067B2F1 /* MinnaMessageView */,
				236EED501B9485190067B2F1 /* MyFile */,
				236EED531B9485190067B2F1 /* UIImage */,
				236EED5E1B9485190067B2F1 /* UISwipe4ScrollGestureRecognizer */,
				236EED611B9485190067B2F1 /* UUID */,
			);
			path = "常用的Library";
			sourceTree = "<group>";
		};
		236EED471B9485190067B2F1 /* EmptyNSString */ = {
			isa = PBXGroup;
			children = (
				236EED481B9485190067B2F1 /* NSString+Empty.h */,
				236EED491B9485190067B2F1 /* NSString+Empty.m */,
			);
			path = EmptyNSString;
			sourceTree = "<group>";
		};
		236EED4A1B9485190067B2F1 /* MinnaMessageView */ = {
			isa = PBXGroup;
			children = (
				236EED4B1B9485190067B2F1 /* MinnaMessageView.h */,
				236EED4C1B9485190067B2F1 /* MinnaMessageView.m */,
				236EED4D1B9485190067B2F1 /* MinnaNotificationProtocol.h */,
				236EED4E1B9485190067B2F1 /* MinnaOpenGraphRequest.h */,
				236EED4F1B9485190067B2F1 /* MinnaOpenGraphRequest.m */,
			);
			path = MinnaMessageView;
			sourceTree = "<group>";
		};
		236EED501B9485190067B2F1 /* MyFile */ = {
			isa = PBXGroup;
			children = (
				236EED511B9485190067B2F1 /* MyFile.h */,
				236EED521B9485190067B2F1 /* MyFile.m */,
			);
			path = MyFile;
			sourceTree = "<group>";
		};
		236EED531B9485190067B2F1 /* UIImage */ = {
			isa = PBXGroup;
			children = (
				236EED541B9485190067B2F1 /* UIImage+AlphaAdditions.h */,
				236EED551B9485190067B2F1 /* UIImage+AlphaAdditions.m */,
				236EED561B9485190067B2F1 /* UIImage+ImageEffects.h */,
				236EED571B9485190067B2F1 /* UIImage+ImageEffects.m */,
				236EED581B9485190067B2F1 /* UIImage+ResizeAdditions.h */,
				236EED591B9485190067B2F1 /* UIImage+ResizeAdditions.m */,
				236EED5A1B9485190067B2F1 /* UIImage+RoundedCornerAdditions.h */,
				236EED5B1B9485190067B2F1 /* UIImage+RoundedCornerAdditions.m */,
				236EED5C1B9485190067B2F1 /* UIImage+Utils.h */,
				236EED5D1B9485190067B2F1 /* UIImage+Utils.m */,
			);
			path = UIImage;
			sourceTree = "<group>";
		};
		236EED5E1B9485190067B2F1 /* UISwipe4ScrollGestureRecognizer */ = {
			isa = PBXGroup;
			children = (
				236EED5F1B9485190067B2F1 /* UISwipe4ScrollGestureRecognizer.h */,
				236EED601B9485190067B2F1 /* UISwipe4ScrollGestureRecognizer.m */,
			);
			path = UISwipe4ScrollGestureRecognizer;
			sourceTree = "<group>";
		};
		236EED611B9485190067B2F1 /* UUID */ = {
			isa = PBXGroup;
			children = (
				236EED621B9485190067B2F1 /* UuidLib.h */,
				236EED631B9485190067B2F1 /* UuidLib.m */,
			);
			path = UUID;
			sourceTree = "<group>";
		};
		23D7DA711B7733D6001A127A = {
			isa = PBXGroup;
			children = (
				23D7DA7C1B7733D6001A127A /* HelpBuy */,
				23D7DA991B7733D7001A127A /* HelpBuyTests */,
				23D7DA7B1B7733D6001A127A /* Products */,
				900F401D100F64EF9465D7C6 /* Pods */,
				38CBC3817578B2FCB08CA552 /* Frameworks */,
			);
			sourceTree = "<group>";
		};
		23D7DA7B1B7733D6001A127A /* Products */ = {
			isa = PBXGroup;
			children = (
				23D7DA7A1B7733D6001A127A /* HelpBuy.app */,
				23D7DA961B7733D7001A127A /* HelpBuyTests.xctest */,
			);
			name = Products;
			sourceTree = "<group>";
		};
		23D7DA7C1B7733D6001A127A /* HelpBuy */ = {
			isa = PBXGroup;
			children = (
				236EED461B9485190067B2F1 /* 常用的Library */,
				236EED381B9483EA0067B2F1 /* Utils */,
				23F2A4591B97253000D2B8E6 /* 代買 */,
				231601871B99D209007ED6A1 /* 訂閱追蹤 */,
				23D7DA811B7733D6001A127A /* AppDelegate.h */,
				23D7DA821B7733D6001A127A /* AppDelegate.m */,
				23D7DA871B7733D6001A127A /* ViewController.h */,
				23D7DA881B7733D6001A127A /* ViewController.m */,
				23D7DA8A1B7733D6001A127A /* Main.storyboard */,
				23D7DA8D1B7733D6001A127A /* Images.xcassets */,
				23D7DA8F1B7733D6001A127A /* LaunchScreen.xib */,
				23D7DA841B7733D6001A127A /* HelpBuy.xcdatamodeld */,
				23D7DA7D1B7733D6001A127A /* Supporting Files */,
			);
			path = HelpBuy;
			sourceTree = "<group>";
		};
		23D7DA7D1B7733D6001A127A /* Supporting Files */ = {
			isa = PBXGroup;
			children = (
				236EED451B9484650067B2F1 /* PrefixHeader.pch */,
				23D7DA7E1B7733D6001A127A /* Info.plist */,
				23D7DA7F1B7733D6001A127A /* main.m */,
			);
			name = "Supporting Files";
			sourceTree = "<group>";
		};
		23D7DA991B7733D7001A127A /* HelpBuyTests */ = {
			isa = PBXGroup;
			children = (
				23D7DA9C1B7733D7001A127A /* HelpBuyTests.m */,
				23D7DA9A1B7733D7001A127A /* Supporting Files */,
			);
			path = HelpBuyTests;
			sourceTree = "<group>";
		};
		23D7DA9A1B7733D7001A127A /* Supporting Files */ = {
			isa = PBXGroup;
			children = (
				23D7DA9B1B7733D7001A127A /* Info.plist */,
			);
			name = "Supporting Files";
			sourceTree = "<group>";
		};
		23F2A4591B97253000D2B8E6 /* 代買 */ = {
			isa = PBXGroup;
			children = (
				2316018B1BA2FF9F007ED6A1 /* 選擇類別 */,
				236EED761B949CF70067B2F1 /* PopTableViewCell.h */,
				236EED771B949CF70067B2F1 /* PopTableViewCell.m */,
				236EED701B9489E70067B2F1 /* MainTableViewController.h */,
				236EED711B9489E70067B2F1 /* MainTableViewController.m */,
				23F2A45A1B97257600D2B8E6 /* HelpBuyDetailViewController.h */,
				23F2A45B1B97257600D2B8E6 /* HelpBuyDetailViewController.m */,
			);
			name = "代買";
			sourceTree = "<group>";
		};
		38CBC3817578B2FCB08CA552 /* Frameworks */ = {
			isa = PBXGroup;
			children = (
				64A423E0ACF5815700116D55 /* libPods.a */,
			);
			name = Frameworks;
			sourceTree = "<group>";
		};
		900F401D100F64EF9465D7C6 /* Pods */ = {
			isa = PBXGroup;
			children = (
				28E36FFC5898F4971D1EB3A5 /* Pods.debug.xcconfig */,
				9A63B7808991CF1A44AB6D09 /* Pods.release.xcconfig */,
			);
			name = Pods;
			sourceTree = "<group>";
		};
/* End PBXGroup section */

/* Begin PBXNativeTarget section */
		23D7DA791B7733D6001A127A /* HelpBuy */ = {
			isa = PBXNativeTarget;
			buildConfigurationList = 23D7DAA01B7733D7001A127A /* Build configuration list for PBXNativeTarget "HelpBuy" */;
			buildPhases = (
				84FDD7F0FDCB27C59F1E6DB3 /* Check Pods Manifest.lock */,
				23D7DA761B7733D6001A127A /* Sources */,
				23D7DA771B7733D6001A127A /* Frameworks */,
				23D7DA781B7733D6001A127A /* Resources */,
				F697F3C30885167CC2C52390 /* Copy Pods Resources */,
				236EED6F1B9487E40067B2F1 /* ShellScript */,
			);
			buildRules = (
			);
			dependencies = (
			);
			name = HelpBuy;
			productName = HelpBuy;
			productReference = 23D7DA7A1B7733D6001A127A /* HelpBuy.app */;
			productType = "com.apple.product-type.application";
		};
		23D7DA951B7733D7001A127A /* HelpBuyTests */ = {
			isa = PBXNativeTarget;
			buildConfigurationList = 23D7DAA31B7733D7001A127A /* Build configuration list for PBXNativeTarget "HelpBuyTests" */;
			buildPhases = (
				23D7DA921B7733D7001A127A /* Sources */,
				23D7DA931B7733D7001A127A /* Frameworks */,
				23D7DA941B7733D7001A127A /* Resources */,
			);
			buildRules = (
			);
			dependencies = (
				23D7DA981B7733D7001A127A /* PBXTargetDependency */,
			);
			name = HelpBuyTests;
			productName = HelpBuyTests;
			productReference = 23D7DA961B7733D7001A127A /* HelpBuyTests.xctest */;
			productType = "com.apple.product-type.bundle.unit-test";
		};
/* End PBXNativeTarget section */

/* Begin PBXProject section */
		23D7DA721B7733D6001A127A /* Project object */ = {
			isa = PBXProject;
			attributes = {
				LastUpgradeCheck = 0700;
				ORGANIZATIONNAME = "駿逸 陳";
				TargetAttributes = {
					23D7DA791B7733D6001A127A = {
						CreatedOnToolsVersion = 6.4;
						DevelopmentTeam = D3QVFELAEF;
					};
					23D7DA951B7733D7001A127A = {
						CreatedOnToolsVersion = 6.4;
						TestTargetID = 23D7DA791B7733D6001A127A;
					};
				};
			};
			buildConfigurationList = 23D7DA751B7733D6001A127A /* Build configuration list for PBXProject "HelpBuy" */;
			compatibilityVersion = "Xcode 3.2";
			developmentRegion = English;
			hasScannedForEncodings = 0;
			knownRegions = (
				en,
				Base,
			);
			mainGroup = 23D7DA711B7733D6001A127A;
			productRefGroup = 23D7DA7B1B7733D6001A127A /* Products */;
			projectDirPath = "";
			projectRoot = "";
			targets = (
				23D7DA791B7733D6001A127A /* HelpBuy */,
				23D7DA951B7733D7001A127A /* HelpBuyTests */,
			);
		};
/* End PBXProject section */

/* Begin PBXResourcesBuildPhase section */
		23D7DA781B7733D6001A127A /* Resources */ = {
			isa = PBXResourcesBuildPhase;
			buildActionMask = 2147483647;
			files = (
				23D7DA8C1B7733D6001A127A /* Main.storyboard in Resources */,
				231601941BA306DA007ED6A1 /* MainCategories.plist in Resources */,
				23D7DA911B7733D6001A127A /* LaunchScreen.xib in Resources */,
				23D7DA8E1B7733D6001A127A /* Images.xcassets in Resources */,
			);
			runOnlyForDeploymentPostprocessing = 0;
		};
		23D7DA941B7733D7001A127A /* Resources */ = {
			isa = PBXResourcesBuildPhase;
			buildActionMask = 2147483647;
			files = (
			);
			runOnlyForDeploymentPostprocessing = 0;
		};
/* End PBXResourcesBuildPhase section */

/* Begin PBXShellScriptBuildPhase section */
		236EED6F1B9487E40067B2F1 /* ShellScript */ = {
			isa = PBXShellScriptBuildPhase;
			buildActionMask = 2147483647;
			files = (
			);
			inputPaths = (
			);
			outputPaths = (
			);
			runOnlyForDeploymentPostprocessing = 0;
			shellPath = /bin/sh;
			shellScript = "\"${PODS_ROOT}/Fabric/Fabric.framework/run\" a903f72a6ffdd06539302df50101d05b48d830ea 039b2c50ea29ef03f71f5cb93b598bfdfe4a19a23054f66cdddd13275803e599";
		};
		84FDD7F0FDCB27C59F1E6DB3 /* Check Pods Manifest.lock */ = {
			isa = PBXShellScriptBuildPhase;
			buildActionMask = 2147483647;
			files = (
			);
			inputPaths = (
			);
			name = "Check Pods Manifest.lock";
			outputPaths = (
			);
			runOnlyForDeploymentPostprocessing = 0;
			shellPath = /bin/sh;
			shellScript = "diff \"${PODS_ROOT}/../Podfile.lock\" \"${PODS_ROOT}/Manifest.lock\" > /dev/null\nif [[ $? != 0 ]] ; then\n    cat << EOM\nerror: The sandbox is not in sync with the Podfile.lock. Run 'pod install' or update your CocoaPods installation.\nEOM\n    exit 1\nfi\n";
			showEnvVarsInLog = 0;
		};
		F697F3C30885167CC2C52390 /* Copy Pods Resources */ = {
			isa = PBXShellScriptBuildPhase;
			buildActionMask = 2147483647;
			files = (
			);
			inputPaths = (
			);
			name = "Copy Pods Resources";
			outputPaths = (
			);
			runOnlyForDeploymentPostprocessing = 0;
			shellPath = /bin/sh;
			shellScript = "\"${SRCROOT}/Pods/Target Support Files/Pods/Pods-resources.sh\"\n";
			showEnvVarsInLog = 0;
		};
/* End PBXShellScriptBuildPhase section */

/* Begin PBXSourcesBuildPhase section */
		23D7DA761B7733D6001A127A /* Sources */ = {
			isa = PBXSourcesBuildPhase;
			buildActionMask = 2147483647;
			files = (
				236EED6B1B9485190067B2F1 /* UIImage+RoundedCornerAdditions.m in Sources */,
				236EED651B9485190067B2F1 /* MinnaMessageView.m in Sources */,
				23D7DA831B7733D6001A127A /* AppDelegate.m in Sources */,
				236EED691B9485190067B2F1 /* UIImage+ImageEffects.m in Sources */,
				236EED6A1B9485190067B2F1 /* UIImage+ResizeAdditions.m in Sources */,
				236EED661B9485190067B2F1 /* MinnaOpenGraphRequest.m in Sources */,
				23D7DA861B7733D6001A127A /* HelpBuy.xcdatamodeld in Sources */,
				236EED6C1B9485190067B2F1 /* UIImage+Utils.m in Sources */,
				236EED721B9489E70067B2F1 /* MainTableViewController.m in Sources */,
				2316018E1BA2FFC5007ED6A1 /* ChoseCategoryTableTableViewController.m in Sources */,
				231601971BA31173007ED6A1 /* MainCategory.m in Sources */,
				236EED6E1B9485190067B2F1 /* UuidLib.m in Sources */,
				2316018A1B99D237007ED6A1 /* MyLoveHelpBuyTableViewController.m in Sources */,
				236EED431B9483FF0067B2F1 /* CMUtility.m in Sources */,
				236EED441B9483FF0067B2F1 /* Utils.m in Sources */,
				236EED6D1B9485190067B2F1 /* UISwipe4ScrollGestureRecognizer.m in Sources */,
				236EED681B9485190067B2F1 /* UIImage+AlphaAdditions.m in Sources */,
				23D7DA891B7733D6001A127A /* ViewController.m in Sources */,
				23D7DA801B7733D6001A127A /* main.m in Sources */,
				236EED641B9485190067B2F1 /* NSString+Empty.m in Sources */,
				231601921BA30699007ED6A1 /* DataLoader.m in Sources */,
				236EED671B9485190067B2F1 /* MyFile.m in Sources */,
				236EED411B9483FF0067B2F1 /* CMCache.m in Sources */,
				23F2A45C1B97257600D2B8E6 /* HelpBuyDetailViewController.m in Sources */,
				236EED421B9483FF0067B2F1 /* CMConstants.m in Sources */,
				236EED781B949CF70067B2F1 /* PopTableViewCell.m in Sources */,
			);
			runOnlyForDeploymentPostprocessing = 0;
		};
		23D7DA921B7733D7001A127A /* Sources */ = {
			isa = PBXSourcesBuildPhase;
			buildActionMask = 2147483647;
			files = (
				23D7DA9D1B7733D7001A127A /* HelpBuyTests.m in Sources */,
			);
			runOnlyForDeploymentPostprocessing = 0;
		};
/* End PBXSourcesBuildPhase section */

/* Begin PBXTargetDependency section */
		23D7DA981B7733D7001A127A /* PBXTargetDependency */ = {
			isa = PBXTargetDependency;
			target = 23D7DA791B7733D6001A127A /* HelpBuy */;
			targetProxy = 23D7DA971B7733D7001A127A /* PBXContainerItemProxy */;
		};
/* End PBXTargetDependency section */

/* Begin PBXVariantGroup section */
		23D7DA8A1B7733D6001A127A /* Main.storyboard */ = {
			isa = PBXVariantGroup;
			children = (
				23D7DA8B1B7733D6001A127A /* Base */,
			);
			name = Main.storyboard;
			sourceTree = "<group>";
		};
		23D7DA8F1B7733D6001A127A /* LaunchScreen.xib */ = {
			isa = PBXVariantGroup;
			children = (
				23D7DA901B7733D6001A127A /* Base */,
			);
			name = LaunchScreen.xib;
			sourceTree = "<group>";
		};
/* End PBXVariantGroup section */

/* Begin XCBuildConfiguration section */
		23D7DA9E1B7733D7001A127A /* Debug */ = {
			isa = XCBuildConfiguration;
			buildSettings = {
				ALWAYS_SEARCH_USER_PATHS = NO;
				CLANG_CXX_LANGUAGE_STANDARD = "gnu++0x";
				CLANG_CXX_LIBRARY = "libc++";
				CLANG_ENABLE_MODULES = YES;
				CLANG_ENABLE_OBJC_ARC = YES;
				CLANG_WARN_BOOL_CONVERSION = YES;
				CLANG_WARN_CONSTANT_CONVERSION = YES;
				CLANG_WARN_DIRECT_OBJC_ISA_USAGE = YES_ERROR;
				CLANG_WARN_EMPTY_BODY = YES;
				CLANG_WARN_ENUM_CONVERSION = YES;
				CLANG_WARN_INT_CONVERSION = YES;
				CLANG_WARN_OBJC_ROOT_CLASS = YES_ERROR;
				CLANG_WARN_UNREACHABLE_CODE = YES;
				CLANG_WARN__DUPLICATE_METHOD_MATCH = YES;
				"CODE_SIGN_IDENTITY[sdk=iphoneos*]" = "iPhone Developer";
				COPY_PHASE_STRIP = NO;
				DEBUG_INFORMATION_FORMAT = "dwarf-with-dsym";
				ENABLE_STRICT_OBJC_MSGSEND = YES;
				ENABLE_TESTABILITY = YES;
				GCC_C_LANGUAGE_STANDARD = gnu99;
				GCC_DYNAMIC_NO_PIC = NO;
				GCC_NO_COMMON_BLOCKS = YES;
				GCC_OPTIMIZATION_LEVEL = 0;
				GCC_PREPROCESSOR_DEFINITIONS = (
					"DEBUG=1",
					"$(inherited)",
				);
				GCC_SYMBOLS_PRIVATE_EXTERN = NO;
				GCC_WARN_64_TO_32_BIT_CONVERSION = YES;
				GCC_WARN_ABOUT_RETURN_TYPE = YES_ERROR;
				GCC_WARN_UNDECLARED_SELECTOR = YES;
				GCC_WARN_UNINITIALIZED_AUTOS = YES_AGGRESSIVE;
				GCC_WARN_UNUSED_FUNCTION = YES;
				GCC_WARN_UNUSED_VARIABLE = YES;
				IPHONEOS_DEPLOYMENT_TARGET = 7.0;
				MTL_ENABLE_DEBUG_INFO = YES;
				ONLY_ACTIVE_ARCH = YES;
				SDKROOT = iphoneos;
			};
			name = Debug;
		};
		23D7DA9F1B7733D7001A127A /* Release */ = {
			isa = XCBuildConfiguration;
			buildSettings = {
				ALWAYS_SEARCH_USER_PATHS = NO;
				CLANG_CXX_LANGUAGE_STANDARD = "gnu++0x";
				CLANG_CXX_LIBRARY = "libc++";
				CLANG_ENABLE_MODULES = YES;
				CLANG_ENABLE_OBJC_ARC = YES;
				CLANG_WARN_BOOL_CONVERSION = YES;
				CLANG_WARN_CONSTANT_CONVERSION = YES;
				CLANG_WARN_DIRECT_OBJC_ISA_USAGE = YES_ERROR;
				CLANG_WARN_EMPTY_BODY = YES;
				CLANG_WARN_ENUM_CONVERSION = YES;
				CLANG_WARN_INT_CONVERSION = YES;
				CLANG_WARN_OBJC_ROOT_CLASS = YES_ERROR;
				CLANG_WARN_UNREACHABLE_CODE = YES;
				CLANG_WARN__DUPLICATE_METHOD_MATCH = YES;
				"CODE_SIGN_IDENTITY[sdk=iphoneos*]" = "iPhone Developer";
				COPY_PHASE_STRIP = NO;
				DEBUG_INFORMATION_FORMAT = "dwarf-with-dsym";
				ENABLE_NS_ASSERTIONS = NO;
				ENABLE_STRICT_OBJC_MSGSEND = YES;
				GCC_C_LANGUAGE_STANDARD = gnu99;
				GCC_NO_COMMON_BLOCKS = YES;
				GCC_WARN_64_TO_32_BIT_CONVERSION = YES;
				GCC_WARN_ABOUT_RETURN_TYPE = YES_ERROR;
				GCC_WARN_UNDECLARED_SELECTOR = YES;
				GCC_WARN_UNINITIALIZED_AUTOS = YES_AGGRESSIVE;
				GCC_WARN_UNUSED_FUNCTION = YES;
				GCC_WARN_UNUSED_VARIABLE = YES;
				IPHONEOS_DEPLOYMENT_TARGET = 7.0;
				MTL_ENABLE_DEBUG_INFO = NO;
				SDKROOT = iphoneos;
				VALIDATE_PRODUCT = YES;
			};
			name = Release;
		};
		23D7DAA11B7733D7001A127A /* Debug */ = {
			isa = XCBuildConfiguration;
			baseConfigurationReference = 28E36FFC5898F4971D1EB3A5 /* Pods.debug.xcconfig */;
			buildSettings = {
				ASSETCATALOG_COMPILER_APPICON_NAME = AppIcon;
				CODE_SIGN_IDENTITY = "iPhone Developer";
				"CODE_SIGN_IDENTITY[sdk=iphoneos*]" = "iPhone Developer";
				GCC_PREFIX_HEADER = "$(SRCROOT)/HelpBuyTests/PrefixHeader.pch";
				INFOPLIST_FILE = HelpBuy/Info.plist;
				IPHONEOS_DEPLOYMENT_TARGET = 8.0;
				LD_RUNPATH_SEARCH_PATHS = "$(inherited) @executable_path/Frameworks";
				PRODUCT_BUNDLE_IDENTIFIER = com.eatingdate;
				PRODUCT_NAME = "$(TARGET_NAME)";
				PROVISIONING_PROFILE = "2d78c462-ab2a-46ad-be3e-05b59e95f4f0";
			};
			name = Debug;
		};
		23D7DAA21B7733D7001A127A /* Release */ = {
			isa = XCBuildConfiguration;
			baseConfigurationReference = 9A63B7808991CF1A44AB6D09 /* Pods.release.xcconfig */;
			buildSettings = {
				ASSETCATALOG_COMPILER_APPICON_NAME = AppIcon;
				CODE_SIGN_IDENTITY = "iPhone Developer";
				"CODE_SIGN_IDENTITY[sdk=iphoneos*]" = "iPhone Distribution: Amira Consultant Co., Ltd (D3QVFELAEF)";
				GCC_PREFIX_HEADER = "$(SRCROOT)/HelpBuyTests/PrefixHeader.pch";
				INFOPLIST_FILE = HelpBuy/Info.plist;
				IPHONEOS_DEPLOYMENT_TARGET = 8.0;
				LD_RUNPATH_SEARCH_PATHS = "$(inherited) @executable_path/Frameworks";
				PRODUCT_BUNDLE_IDENTIFIER = com.eatingdate;
				PRODUCT_NAME = "$(TARGET_NAME)";
				PROVISIONING_PROFILE = "2d78c462-ab2a-46ad-be3e-05b59e95f4f0";
			};
			name = Release;
		};
		23D7DAA41B7733D7001A127A /* Debug */ = {
			isa = XCBuildConfiguration;
			buildSettings = {
				BUNDLE_LOADER = "$(TEST_HOST)";
				FRAMEWORK_SEARCH_PATHS = (
					"$(SDKROOT)/Developer/Library/Frameworks",
					"$(inherited)",
				);
				GCC_PREPROCESSOR_DEFINITIONS = (
					"DEBUG=1",
					"$(inherited)",
				);
				INFOPLIST_FILE = HelpBuyTests/Info.plist;
				LD_RUNPATH_SEARCH_PATHS = "$(inherited) @executable_path/Frameworks @loader_path/Frameworks";
				PRODUCT_BUNDLE_IDENTIFIER = "com.$(PRODUCT_NAME:rfc1034identifier)";
				PRODUCT_NAME = "$(TARGET_NAME)";
				TEST_HOST = "$(BUILT_PRODUCTS_DIR)/HelpBuy.app/HelpBuy";
			};
			name = Debug;
		};
		23D7DAA51B7733D7001A127A /* Release */ = {
			isa = XCBuildConfiguration;
			buildSettings = {
				BUNDLE_LOADER = "$(TEST_HOST)";
				FRAMEWORK_SEARCH_PATHS = (
					"$(SDKROOT)/Developer/Library/Frameworks",
					"$(inherited)",
				);
				INFOPLIST_FILE = HelpBuyTests/Info.plist;
				LD_RUNPATH_SEARCH_PATHS = "$(inherited) @executable_path/Frameworks @loader_path/Frameworks";
				PRODUCT_BUNDLE_IDENTIFIER = "com.$(PRODUCT_NAME:rfc1034identifier)";
				PRODUCT_NAME = "$(TARGET_NAME)";
				TEST_HOST = "$(BUILT_PRODUCTS_DIR)/HelpBuy.app/HelpBuy";
			};
			name = Release;
		};
/* End XCBuildConfiguration section */

/* Begin XCConfigurationList section */
		23D7DA751B7733D6001A127A /* Build configuration list for PBXProject "HelpBuy" */ = {
			isa = XCConfigurationList;
			buildConfigurations = (
				23D7DA9E1B7733D7001A127A /* Debug */,
				23D7DA9F1B7733D7001A127A /* Release */,
			);
			defaultConfigurationIsVisible = 0;
			defaultConfigurationName = Release;
		};
		23D7DAA01B7733D7001A127A /* Build configuration list for PBXNativeTarget "HelpBuy" */ = {
			isa = XCConfigurationList;
			buildConfigurations = (
				23D7DAA11B7733D7001A127A /* Debug */,
				23D7DAA21B7733D7001A127A /* Release */,
			);
			defaultConfigurationIsVisible = 0;
			defaultConfigurationName = Release;
		};
		23D7DAA31B7733D7001A127A /* Build configuration list for PBXNativeTarget "HelpBuyTests" */ = {
			isa = XCConfigurationList;
			buildConfigurations = (
				23D7DAA41B7733D7001A127A /* Debug */,
				23D7DAA51B7733D7001A127A /* Release */,
			);
			defaultConfigurationIsVisible = 0;
			defaultConfigurationName = Release;
		};
/* End XCConfigurationList section */

/* Begin XCVersionGroup section */
		23D7DA841B7733D6001A127A /* HelpBuy.xcdatamodeld */ = {
			isa = XCVersionGroup;
			children = (
				23D7DA851B7733D6001A127A /* HelpBuy.xcdatamodel */,
			);
			currentVersion = 23D7DA851B7733D6001A127A /* HelpBuy.xcdatamodel */;
			path = HelpBuy.xcdatamodeld;
			sourceTree = "<group>";
			versionGroupType = wrapper.xcdatamodel;
		};
/* End XCVersionGroup section */
	};
	rootObject = 23D7DA721B7733D6001A127A /* Project object */;
}
